
Microsoft Visual Studio Solution File, Format Version 12.00
# Visual Studio 15
VisualStudioVersion = 15.0.28010.2041
MinimumVisualStudioVersion = 10.0.40219.1
Project("{9A19103F-16F7-4668-BE54-9A1E7A4F7556}") = "Spotify.Music.Selector.Web", "Spotify.Music.Selector.Web\Spotify.Music.Selector.Web.csproj", "{DF298626-CBFD-4804-93BB-184B932AEFFC}"
EndProject
Project("{9A19103F-16F7-4668-BE54-9A1E7A4F7556}") = "Spotify.Music.Selector.Api", "Spotify.Music.Selector.Api\Spotify.Music.Selector.Api.csproj", "{43D87C28-7931-405F-B067-1AC7341D5425}"
EndProject
Project("{9A19103F-16F7-4668-BE54-9A1E7A4F7556}") = "Spotify.Music.Selector.Api.Tests", "Spotify.Music.Selector.Api.Tests\Spotify.Music.Selector.Api.Tests.csproj", "{B2BC05B7-5BC1-4EB9-8CD5-7F86C29FC937}"
EndProject
Global
	GlobalSection(SolutionConfigurationPlatforms) = preSolution
		Debug|Any CPU = Debug|Any CPU
		Release|Any CPU = Release|Any CPU
	EndGlobalSection
	GlobalSection(ProjectConfigurationPlatforms) = postSolution
		{DF298626-CBFD-4804-93BB-184B932AEFFC}.Debug|Any CPU.ActiveCfg = Debug|Any CPU
		{DF298626-CBFD-4804-93BB-184B932AEFFC}.Debug|Any CPU.Build.0 = Debug|Any CPU
		{DF298626-CBFD-4804-93BB-184B932AEFFC}.Release|Any CPU.ActiveCfg = Release|Any CPU
		{DF298626-CBFD-4804-93BB-184B932AEFFC}.Release|Any CPU.Build.0 = Release|Any CPU
		{43D87C28-7931-405F-B067-1AC7341D5425}.Debug|Any CPU.ActiveCfg = Debug|Any CPU
		{43D87C28-7931-405F-B067-1AC7341D5425}.Debug|Any CPU.Build.0 = Debug|Any CPU
		{43D87C28-7931-405F-B067-1AC7341D5425}.Release|Any CPU.ActiveCfg = Release|Any CPU
		{43D87C28-7931-405F-B067-1AC7341D5425}.Release|Any CPU.Build.0 = Release|Any CPU
		{B2BC05B7-5BC1-4EB9-8CD5-7F86C29FC937}.Debug|Any CPU.ActiveCfg = Debug|Any CPU
		{B2BC05B7-5BC1-4EB9-8CD5-7F86C29FC937}.Debug|Any CPU.Build.0 = Debug|Any CPU
		{B2BC05B7-5BC1-4EB9-8CD5-7F86C29FC937}.Release|Any CPU.ActiveCfg = Release|Any CPU
		{B2BC05B7-5BC1-4EB9-8CD5-7F86C29FC937}.Release|Any CPU.Build.0 = Release|Any CPU
	EndGlobalSection
	GlobalSection(SolutionProperties) = preSolution
		HideSolutionNode = FALSE
	EndGlobalSection
	GlobalSection(ExtensibilityGlobals) = postSolution
		SolutionGuid = {AD463CE1-18AF-4C71-BC4B-F7AC885FD7AD}
	EndGlobalSection
EndGlobal
